
Microsoft Visual Studio Solution File, Format Version 12.00
# Visual Studio 15
VisualStudioVersion = 15.0.27130.2010
MinimumVisualStudioVersion = 10.0.40219.1
Project("{FAE04EC0-301F-11D3-BF4B-00C04F79EFBC}") = "HallRental.Web", "HallRental.Web\HallRental.Web.csproj", "{8F286CCB-8C27-4C09-BE9B-229F1D4B13AA}"
EndProject
Project("{FAE04EC0-301F-11D3-BF4B-00C04F79EFBC}") = "HallRental.Data", "HallRental.Data\HallRental.Data.csproj", "{681CC134-7DBC-486C-8F8B-2B832EAA4365}"
EndProject
Project("{FAE04EC0-301F-11D3-BF4B-00C04F79EFBC}") = "HallRental.Services", "HallRental.Services\HallRental.Services.csproj", "{F59A4D4C-920C-4BD1-AD93-EB34CBBB5CFF}"
EndProject
Global
	GlobalSection(SolutionConfigurationPlatforms) = preSolution
		Debug|Any CPU = Debug|Any CPU
		Release|Any CPU = Release|Any CPU
	EndGlobalSection
	GlobalSection(ProjectConfigurationPlatforms) = postSolution
		{8F286CCB-8C27-4C09-BE9B-229F1D4B13AA}.Debug|Any CPU.ActiveCfg = Debug|Any CPU
		{8F286CCB-8C27-4C09-BE9B-229F1D4B13AA}.Debug|Any CPU.Build.0 = Debug|Any CPU
		{8F286CCB-8C27-4C09-BE9B-229F1D4B13AA}.Release|Any CPU.ActiveCfg = Release|Any CPU
		{8F286CCB-8C27-4C09-BE9B-229F1D4B13AA}.Release|Any CPU.Build.0 = Release|Any CPU
		{681CC134-7DBC-486C-8F8B-2B832EAA4365}.Debug|Any CPU.ActiveCfg = Debug|Any CPU
		{681CC134-7DBC-486C-8F8B-2B832EAA4365}.Debug|Any CPU.Build.0 = Debug|Any CPU
		{681CC134-7DBC-486C-8F8B-2B832EAA4365}.Release|Any CPU.ActiveCfg = Release|Any CPU
		{681CC134-7DBC-486C-8F8B-2B832EAA4365}.Release|Any CPU.Build.0 = Release|Any CPU
		{F59A4D4C-920C-4BD1-AD93-EB34CBBB5CFF}.Debug|Any CPU.ActiveCfg = Debug|Any CPU
		{F59A4D4C-920C-4BD1-AD93-EB34CBBB5CFF}.Debug|Any CPU.Build.0 = Debug|Any CPU
		{F59A4D4C-920C-4BD1-AD93-EB34CBBB5CFF}.Release|Any CPU.ActiveCfg = Release|Any CPU
		{F59A4D4C-920C-4BD1-AD93-EB34CBBB5CFF}.Release|Any CPU.Build.0 = Release|Any CPU
	EndGlobalSection
	GlobalSection(SolutionProperties) = preSolution
		HideSolutionNode = FALSE
	EndGlobalSection
	GlobalSection(ExtensibilityGlobals) = postSolution
		SolutionGuid = {0E476BC1-9F2F-40B2-9FF2-C06BF728975A}
	EndGlobalSection
EndGlobal
